// !$*UTF8*$!
{
	archiveVersion = 1;
	classes = {
	};
	objectVersion = 46;
	objects = {

/* Begin PBXBuildFile section */
		3F8447FB1E8139A400BABC0C /* GamesTableViewController.swift in Sources */ = {isa = PBXBuildFile; fileRef = 3F8447F91E8139A400BABC0C /* GamesTableViewController.swift */; };
		3F8447FC1E8139A400BABC0C /* GamesTableViewController.xib in Resources */ = {isa = PBXBuildFile; fileRef = 3F8447FA1E8139A400BABC0C /* GamesTableViewController.xib */; };
		3F8447FF1E813ADB00BABC0C /* HomeViewController.swift in Sources */ = {isa = PBXBuildFile; fileRef = 3F8447FD1E813ADB00BABC0C /* HomeViewController.swift */; };
		3F8448001E813ADB00BABC0C /* HomeViewController.xib in Resources */ = {isa = PBXBuildFile; fileRef = 3F8447FE1E813ADB00BABC0C /* HomeViewController.xib */; };
		3F8448051E8140B200BABC0C /* hackersweek.jpg in Resources */ = {isa = PBXBuildFile; fileRef = 3F8448041E8140B200BABC0C /* hackersweek.jpg */; };
		3F9714E51E643237004DE2BE /* AppDelegate.swift in Sources */ = {isa = PBXBuildFile; fileRef = 3F9714E41E643237004DE2BE /* AppDelegate.swift */; };
		3F9714EC1E643237004DE2BE /* Assets.xcassets in Resources */ = {isa = PBXBuildFile; fileRef = 3F9714EB1E643237004DE2BE /* Assets.xcassets */; };
		3F9714EF1E643237004DE2BE /* LaunchScreen.storyboard in Resources */ = {isa = PBXBuildFile; fileRef = 3F9714ED1E643237004DE2BE /* LaunchScreen.storyboard */; };
/* End PBXBuildFile section */

/* Begin PBXFileReference section */
		3F8447F91E8139A400BABC0C /* GamesTableViewController.swift */ = {isa = PBXFileReference; fileEncoding = 4; lastKnownFileType = sourcecode.swift; path = GamesTableViewController.swift; sourceTree = "<group>"; };
		3F8447FA1E8139A400BABC0C /* GamesTableViewController.xib */ = {isa = PBXFileReference; fileEncoding = 4; lastKnownFileType = file.xib; path = GamesTableViewController.xib; sourceTree = "<group>"; };
		3F8447FD1E813ADB00BABC0C /* HomeViewController.swift */ = {isa = PBXFileReference; fileEncoding = 4; lastKnownFileType = sourcecode.swift; path = HomeViewController.swift; sourceTree = "<group>"; };
		3F8447FE1E813ADB00BABC0C /* HomeViewController.xib */ = {isa = PBXFileReference; fileEncoding = 4; lastKnownFileType = file.xib; path = HomeViewController.xib; sourceTree = "<group>"; };
		3F8448041E8140B200BABC0C /* hackersweek.jpg */ = {isa = PBXFileReference; lastKnownFileType = image.jpeg; path = hackersweek.jpg; sourceTree = "<group>"; };
		3F9714E11E643237004DE2BE /* Gameland.app */ = {isa = PBXFileReference; explicitFileType = wrapper.application; includeInIndex = 0; path = Gameland.app; sourceTree = BUILT_PRODUCTS_DIR; };
		3F9714E41E643237004DE2BE /* AppDelegate.swift */ = {isa = PBXFileReference; lastKnownFileType = sourcecode.swift; path = AppDelegate.swift; sourceTree = "<group>"; };
		3F9714EB1E643237004DE2BE /* Assets.xcassets */ = {isa = PBXFileReference; lastKnownFileType = folder.assetcatalog; path = Assets.xcassets; sourceTree = "<group>"; };
		3F9714EE1E643237004DE2BE /* Base */ = {isa = PBXFileReference; lastKnownFileType = file.storyboard; name = Base; path = Base.lproj/LaunchScreen.storyboard; sourceTree = "<group>"; };
		3F9714F01E643237004DE2BE /* Info.plist */ = {isa = PBXFileReference; lastKnownFileType = text.plist.xml; path = Info.plist; sourceTree = "<group>"; };
/* End PBXFileReference section */

/* Begin PBXFrameworksBuildPhase section */
		3F9714DE1E643237004DE2BE /* Frameworks */ = {
			isa = PBXFrameworksBuildPhase;
			buildActionMask = 2147483647;
			files = (
			);
			runOnlyForDeploymentPostprocessing = 0;
		};
/* End PBXFrameworksBuildPhase section */

/* Begin PBXGroup section */
		3F8447F81E81393E00BABC0C /* Controllers */ = {
			isa = PBXGroup;
			children = (
				3F8447F91E8139A400BABC0C /* GamesTableViewController.swift */,
				3F8447FA1E8139A400BABC0C /* GamesTableViewController.xib */,
				3F8447FD1E813ADB00BABC0C /* HomeViewController.swift */,
				3F8447FE1E813ADB00BABC0C /* HomeViewController.xib */,
			);
			name = Controllers;
			sourceTree = "<group>";
		};
		3F8448031E81404600BABC0C /* Resources */ = {
			isa = PBXGroup;
			children = (
				3F8448041E8140B200BABC0C /* hackersweek.jpg */,
			);
			name = Resources;
			sourceTree = "<group>";
		};
		3F9714D81E643237004DE2BE = {
			isa = PBXGroup;
			children = (
				3F9714E31E643237004DE2BE /* Gameland */,
				3F9714E21E643237004DE2BE /* Products */,
			);
			sourceTree = "<group>";
		};
		3F9714E21E643237004DE2BE /* Products */ = {
			isa = PBXGroup;
			children = (
				3F9714E11E643237004DE2BE /* Gameland.app */,
			);
			name = Products;
			sourceTree = "<group>";
		};
		3F9714E31E643237004DE2BE /* Gameland */ = {
			isa = PBXGroup;
			children = (
				3F8448031E81404600BABC0C /* Resources */,
				3F8447F81E81393E00BABC0C /* Controllers */,
				3F9714E41E643237004DE2BE /* AppDelegate.swift */,
				3F9714EB1E643237004DE2BE /* Assets.xcassets */,
				3F9714ED1E643237004DE2BE /* LaunchScreen.storyboard */,
				3F9714F01E643237004DE2BE /* Info.plist */,
			);
			path = Gameland;
			sourceTree = "<group>";
		};
/* End PBXGroup section */

/* Begin PBXNativeTarget section */
		3F9714E01E643237004DE2BE /* Gameland */ = {
			isa = PBXNativeTarget;
			buildConfigurationList = 3F9714F31E643237004DE2BE /* Build configuration list for PBXNativeTarget "Gameland" */;
			buildPhases = (
				3F9714DD1E643237004DE2BE /* Sources */,
				3F9714DE1E643237004DE2BE /* Frameworks */,
				3F9714DF1E643237004DE2BE /* Resources */,
			);
			buildRules = (
			);
			dependencies = (
			);
			name = Gameland;
			productName = Gameland;
			productReference = 3F9714E11E643237004DE2BE /* Gameland.app */;
			productType = "com.apple.product-type.application";
		};
/* End PBXNativeTarget section */

/* Begin PBXProject section */
		3F9714D91E643237004DE2BE /* Project object */ = {
			isa = PBXProject;
			attributes = {
				LastSwiftUpdateCheck = 0800;
				LastUpgradeCheck = 0800;
				ORGANIZATIONNAME = frndev;
				TargetAttributes = {
					3F9714E01E643237004DE2BE = {
						CreatedOnToolsVersion = 8.0;
						DevelopmentTeam = X44M3PTYDX;
						ProvisioningStyle = Automatic;
					};
				};
			};
			buildConfigurationList = 3F9714DC1E643237004DE2BE /* Build configuration list for PBXProject "Gameland" */;
			compatibilityVersion = "Xcode 3.2";
			developmentRegion = English;
			hasScannedForEncodings = 0;
			knownRegions = (
				en,
				Base,
			);
			mainGroup = 3F9714D81E643237004DE2BE;
			productRefGroup = 3F9714E21E643237004DE2BE /* Products */;
			projectDirPath = "";
			projectRoot = "";
			targets = (
				3F9714E01E643237004DE2BE /* Gameland */,
			);
		};
/* End PBXProject section */

/* Begin PBXResourcesBuildPhase section */
		3F9714DF1E643237004DE2BE /* Resources */ = {
			isa = PBXResourcesBuildPhase;
			buildActionMask = 2147483647;
			files = (
				3F9714EF1E643237004DE2BE /* LaunchScreen.storyboard in Resources */,
				3F8448051E8140B200BABC0C /* hackersweek.jpg in Resources */,
				3F9714EC1E643237004DE2BE /* Assets.xcassets in Resources */,
				3F8447FC1E8139A400BABC0C /* GamesTableViewController.xib in Resources */,
				3F8448001E813ADB00BABC0C /* HomeViewController.xib in Resources */,
			);
			runOnlyForDeploymentPostprocessing = 0;
		};
/* End PBXResourcesBuildPhase section */

/* Begin PBXSourcesBuildPhase section */
		3F9714DD1E643237004DE2BE /* Sources */ = {
			isa = PBXSourcesBuildPhase;
			buildActionMask = 2147483647;
			files = (
				3F9714E51E643237004DE2BE /* AppDelegate.swift in Sources */,
				3F8447FB1E8139A400BABC0C /* GamesTableViewController.swift in Sources */,
				3F8447FF1E813ADB00BABC0C /* HomeViewController.swift in Sources */,
			);
			runOnlyForDeploymentPostprocessing = 0;
		};
/* End PBXSourcesBuildPhase section */

/* Begin PBXVariantGroup section */
		3F9714ED1E643237004DE2BE /* LaunchScreen.storyboard */ = {
			isa = PBXVariantGroup;
			children = (
				3F9714EE1E643237004DE2BE /* Base */,
			);
			name = LaunchScreen.storyboard;
			sourceTree = "<group>";
		};
/* End PBXVariantGroup section */

/* Begin XCBuildConfiguration section */
		3F9714F11E643237004DE2BE /* Debug */ = {
			isa = XCBuildConfiguration;
			buildSettings = {
				ALWAYS_SEARCH_USER_PATHS = NO;
				CLANG_ANALYZER_NONNULL = YES;
				CLANG_CXX_LANGUAGE_STANDARD = "gnu++0x";
				CLANG_CXX_LIBRARY = "libc++";
				CLANG_ENABLE_MODULES = YES;
				CLANG_ENABLE_OBJC_ARC = YES;
				CLANG_WARN_BOOL_CONVERSION = YES;
				CLANG_WARN_CONSTANT_CONVERSION = YES;
				CLANG_WARN_DIRECT_OBJC_ISA_USAGE = YES_ERROR;
				CLANG_WARN_DOCUMENTATION_COMMENTS = YES;
				CLANG_WARN_EMPTY_BODY = YES;
				CLANG_WARN_ENUM_CONVERSION = YES;
				CLANG_WARN_INFINITE_RECURSION = YES;
				CLANG_WARN_INT_CONVERSION = YES;
				CLANG_WARN_OBJC_ROOT_CLASS = YES_ERROR;
				CLANG_WARN_SUSPICIOUS_MOVES = YES;
				CLANG_WARN_UNREACHABLE_CODE = YES;
				CLANG_WARN__DUPLICATE_METHOD_MATCH = YES;
				"CODE_SIGN_IDENTITY[sdk=iphoneos*]" = "iPhone Developer";
				COPY_PHASE_STRIP = NO;
				DEBUG_INFORMATION_FORMAT = dwarf;
				ENABLE_STRICT_OBJC_MSGSEND = YES;
				ENABLE_TESTABILITY = YES;
				GCC_C_LANGUAGE_STANDARD = gnu99;
				GCC_DYNAMIC_NO_PIC = NO;
				GCC_NO_COMMON_BLOCKS = YES;
				GCC_OPTIMIZATION_LEVEL = 0;
				GCC_PREPROCESSOR_DEFINITIONS = (
					"DEBUG=1",
					"$(inherited)",
				);
				GCC_WARN_64_TO_32_BIT_CONVERSION = YES;
				GCC_WARN_ABOUT_RETURN_TYPE = YES_ERROR;
				GCC_WARN_UNDECLARED_SELECTOR = YES;
				GCC_WARN_UNINITIALIZED_AUTOS = YES_AGGRESSIVE;
				GCC_WARN_UNUSED_FUNCTION = YES;
				GCC_WARN_UNUSED_VARIABLE = YES;
				IPHONEOS_DEPLOYMENT_TARGET = 10.0;
				MTL_ENABLE_DEBUG_INFO = YES;
				ONLY_ACTIVE_ARCH = YES;
				SDKROOT = iphoneos;
				SWIFT_ACTIVE_COMPILATION_CONDITIONS = DEBUG;
				SWIFT_OPTIMIZATION_LEVEL = "-Onone";
				TARGETED_DEVICE_FAMILY = "1,2";
			};
			name = Debug;
		};
		3F9714F21E643237004DE2BE /* Release */ = {
			isa = XCBuildConfiguration;
			buildSettings = {
				ALWAYS_SEARCH_USER_PATHS = NO;
				CLANG_ANALYZER_NONNULL = YES;
				CLANG_CXX_LANGUAGE_STANDARD = "gnu++0x";
				CLANG_CXX_LIBRARY = "libc++";
				CLANG_ENABLE_MODULES = YES;
				CLANG_ENABLE_OBJC_ARC = YES;
				CLANG_WARN_BOOL_CONVERSION = YES;
				CLANG_WARN_CONSTANT_CONVERSION = YES;
				CLANG_WARN_DIRECT_OBJC_ISA_USAGE = YES_ERROR;
				CLANG_WARN_DOCUMENTATION_COMMENTS = YES;
				CLANG_WARN_EMPTY_BODY = YES;
				CLANG_WARN_ENUM_CONVERSION = YES;
				CLANG_WARN_INFINITE_RECURSION = YES;
				CLANG_WARN_INT_CONVERSION = YES;
				CLANG_WARN_OBJC_ROOT_CLASS = YES_ERROR;
				CLANG_WARN_SUSPICIOUS_MOVES = YES;
				CLANG_WARN_UNREACHABLE_CODE = YES;
				CLANG_WARN__DUPLICATE_METHOD_MATCH = YES;
				"CODE_SIGN_IDENTITY[sdk=iphoneos*]" = "iPhone Developer";
				COPY_PHASE_STRIP = NO;
				DEBUG_INFORMATION_FORMAT = "dwarf-with-dsym";
				ENABLE_NS_ASSERTIONS = NO;
				ENABLE_STRICT_OBJC_MSGSEND = YES;
				GCC_C_LANGUAGE_STANDARD = gnu99;
				GCC_NO_COMMON_BLOCKS = YES;
				GCC_WARN_64_TO_32_BIT_CONVERSION = YES;
				GCC_WARN_ABOUT_RETURN_TYPE = YES_ERROR;
				GCC_WARN_UNDECLARED_SELECTOR = YES;
				GCC_WARN_UNINITIALIZED_AUTOS = YES_AGGRESSIVE;
				GCC_WARN_UNUSED_FUNCTION = YES;
				GCC_WARN_UNUSED_VARIABLE = YES;
				IPHONEOS_DEPLOYMENT_TARGET = 10.0;
				MTL_ENABLE_DEBUG_INFO = NO;
				SDKROOT = iphoneos;
				SWIFT_OPTIMIZATION_LEVEL = "-Owholemodule";
				TARGETED_DEVICE_FAMILY = "1,2";
				VALIDATE_PRODUCT = YES;
			};
			name = Release;
		};
		3F9714F41E643237004DE2BE /* Debug */ = {
			isa = XCBuildConfiguration;
			buildSettings = {
				ASSETCATALOG_COMPILER_APPICON_NAME = AppIcon;
				DEVELOPMENT_TEAM = X44M3PTYDX;
				INFOPLIST_FILE = Gameland/Info.plist;
				LD_RUNPATH_SEARCH_PATHS = "$(inherited) @executable_path/Frameworks";
				PRODUCT_BUNDLE_IDENTIFIER = com.frndev.Gameland;
				PRODUCT_NAME = "$(TARGET_NAME)";
				SWIFT_VERSION = 3.0;
			};
			name = Debug;
		};
		3F9714F51E643237004DE2BE /* Release */ = {
			isa = XCBuildConfiguration;
			buildSettings = {
				ASSETCATALOG_COMPILER_APPICON_NAME = AppIcon;
				DEVELOPMENT_TEAM = X44M3PTYDX;
				INFOPLIST_FILE = Gameland/Info.plist;
				LD_RUNPATH_SEARCH_PATHS = "$(inherited) @executable_path/Frameworks";
				PRODUCT_BUNDLE_IDENTIFIER = com.frndev.Gameland;
				PRODUCT_NAME = "$(TARGET_NAME)";
				SWIFT_VERSION = 3.0;
			};
			name = Release;
		};
/* End XCBuildConfiguration section */

/* Begin XCConfigurationList section */
		3F9714DC1E643237004DE2BE /* Build configuration list for PBXProject "Gameland" */ = {
			isa = XCConfigurationList;
			buildConfigurations = (
				3F9714F11E643237004DE2BE /* Debug */,
				3F9714F21E643237004DE2BE /* Release */,
			);
			defaultConfigurationIsVisible = 0;
			defaultConfigurationName = Release;
		};
		3F9714F31E643237004DE2BE /* Build configuration list for PBXNativeTarget "Gameland" */ = {
			isa = XCConfigurationList;
			buildConfigurations = (
				3F9714F41E643237004DE2BE /* Debug */,
				3F9714F51E643237004DE2BE /* Release */,
			);
			defaultConfigurationIsVisible = 0;
			defaultConfigurationName = Release;
		};
/* End XCConfigurationList section */
	};
	rootObject = 3F9714D91E643237004DE2BE /* Project object */;
}
